// !$*UTF8*$!
{
	archiveVersion = 1;
	classes = {
	};
	objectVersion = 56;
	objects = {

/* Begin PBXBuildFile section */
		684688BE29D9E9270093D30E /* PresidentsUSAApp.swift in Sources */ = {isa = PBXBuildFile; fileRef = 684688BD29D9E9270093D30E /* PresidentsUSAApp.swift */; };
		684688C029D9E9270093D30E /* ContentView.swift in Sources */ = {isa = PBXBuildFile; fileRef = 684688BF29D9E9270093D30E /* ContentView.swift */; };
		684688C229D9E92A0093D30E /* Assets.xcassets in Resources */ = {isa = PBXBuildFile; fileRef = 684688C129D9E92A0093D30E /* Assets.xcassets */; };
		684688C529D9E92A0093D30E /* Preview Assets.xcassets in Resources */ = {isa = PBXBuildFile; fileRef = 684688C429D9E92A0093D30E /* Preview Assets.xcassets */; };
		684688CE29D9E9680093D30E /* flag-1024.png in Resources */ = {isa = PBXBuildFile; fileRef = 684688CB29D9E9680093D30E /* flag-1024.png */; };
		684688D029D9E9680093D30E /* seal.png in Resources */ = {isa = PBXBuildFile; fileRef = 684688CD29D9E9680093D30E /* seal.png */; };
		684688D229D9ECAD0093D30E /* PresidentsListViewModel.swift in Sources */ = {isa = PBXBuildFile; fileRef = 684688D129D9ECAD0093D30E /* PresidentsListViewModel.swift */; };
		68D9142829E04E6D000558B3 /* President.swift in Sources */ = {isa = PBXBuildFile; fileRef = 68D9142729E04E6D000558B3 /* President.swift */; };
		68D9142A29E04E96000558B3 /* presidents.plist in Resources */ = {isa = PBXBuildFile; fileRef = 68D9142929E04E96000558B3 /* presidents.plist */; };
		68D9142D29E0516A000558B3 /* PresidentViewModel.swift in Sources */ = {isa = PBXBuildFile; fileRef = 68D9142C29E0516A000558B3 /* PresidentViewModel.swift */; };
		68D9143229E059FB000558B3 /* PresidentDetailView.swift in Sources */ = {isa = PBXBuildFile; fileRef = 68D9143129E059FB000558B3 /* PresidentDetailView.swift */; };
		68D9143429E06506000558B3 /* PresidentCell.swift in Sources */ = {isa = PBXBuildFile; fileRef = 68D9143329E06506000558B3 /* PresidentCell.swift */; };
/* End PBXBuildFile section */

/* Begin PBXFileReference section */
		684688BA29D9E9270093D30E /* PresidentsUSA.app */ = {isa = PBXFileReference; explicitFileType = wrapper.application; includeInIndex = 0; path = PresidentsUSA.app; sourceTree = BUILT_PRODUCTS_DIR; };
		684688BD29D9E9270093D30E /* PresidentsUSAApp.swift */ = {isa = PBXFileReference; lastKnownFileType = sourcecode.swift; path = PresidentsUSAApp.swift; sourceTree = "<group>"; };
		684688BF29D9E9270093D30E /* ContentView.swift */ = {isa = PBXFileReference; lastKnownFileType = sourcecode.swift; path = ContentView.swift; sourceTree = "<group>"; };
		684688C129D9E92A0093D30E /* Assets.xcassets */ = {isa = PBXFileReference; lastKnownFileType = folder.assetcatalog; path = Assets.xcassets; sourceTree = "<group>"; };
		684688C429D9E92A0093D30E /* Preview Assets.xcassets */ = {isa = PBXFileReference; lastKnownFileType = folder.assetcatalog; path = "Preview Assets.xcassets"; sourceTree = "<group>"; };
		684688CB29D9E9680093D30E /* flag-1024.png */ = {isa = PBXFileReference; lastKnownFileType = image.png; path = "flag-1024.png"; sourceTree = "<group>"; };
		684688CD29D9E9680093D30E /* seal.png */ = {isa = PBXFileReference; lastKnownFileType = image.png; path = seal.png; sourceTree = "<group>"; };
		684688D129D9ECAD0093D30E /* PresidentsListViewModel.swift */ = {isa = PBXFileReference; lastKnownFileType = sourcecode.swift; path = PresidentsListViewModel.swift; sourceTree = "<group>"; };
		68D9142729E04E6D000558B3 /* President.swift */ = {isa = PBXFileReference; lastKnownFileType = sourcecode.swift; path = President.swift; sourceTree = "<group>"; };
		68D9142929E04E96000558B3 /* presidents.plist */ = {isa = PBXFileReference; fileEncoding = 4; lastKnownFileType = text.plist.xml; name = presidents.plist; path = "../../Assignment 4 Resources/presidents.plist"; sourceTree = "<group>"; };
		68D9142C29E0516A000558B3 /* PresidentViewModel.swift */ = {isa = PBXFileReference; lastKnownFileType = sourcecode.swift; path = PresidentViewModel.swift; sourceTree = "<group>"; };
		68D9143129E059FB000558B3 /* PresidentDetailView.swift */ = {isa = PBXFileReference; lastKnownFileType = sourcecode.swift; path = PresidentDetailView.swift; sourceTree = "<group>"; };
		68D9143329E06506000558B3 /* PresidentCell.swift */ = {isa = PBXFileReference; lastKnownFileType = sourcecode.swift; path = PresidentCell.swift; sourceTree = "<group>"; };
/* End PBXFileReference section */

/* Begin PBXFrameworksBuildPhase section */
		684688B729D9E9270093D30E /* Frameworks */ = {
			isa = PBXFrameworksBuildPhase;
			buildActionMask = 2147483647;
			files = (
			);
			runOnlyForDeploymentPostprocessing = 0;
		};
/* End PBXFrameworksBuildPhase section */

/* Begin PBXGroup section */
		684688B129D9E9270093D30E = {
			isa = PBXGroup;
			children = (
				684688BC29D9E9270093D30E /* PresidentsUSA */,
				684688BB29D9E9270093D30E /* Products */,
			);
			sourceTree = "<group>";
		};
		684688BB29D9E9270093D30E /* Products */ = {
			isa = PBXGroup;
			children = (
				684688BA29D9E9270093D30E /* PresidentsUSA.app */,
			);
			name = Products;
			sourceTree = "<group>";
		};
		684688BC29D9E9270093D30E /* PresidentsUSA */ = {
			isa = PBXGroup;
			children = (
				68D9142E29E05961000558B3 /* views */,
				68D9142B29E050E4000558B3 /* View Models */,
				68D9142629E04E4D000558B3 /* Models */,
				684688BD29D9E9270093D30E /* PresidentsUSAApp.swift */,
				684688CB29D9E9680093D30E /* flag-1024.png */,
				68D9142929E04E96000558B3 /* presidents.plist */,
				684688CD29D9E9680093D30E /* seal.png */,
				684688C129D9E92A0093D30E /* Assets.xcassets */,
				684688C329D9E92A0093D30E /* Preview Content */,
			);
			path = PresidentsUSA;
			sourceTree = "<group>";
		};
		684688C329D9E92A0093D30E /* Preview Content */ = {
			isa = PBXGroup;
			children = (
				684688C429D9E92A0093D30E /* Preview Assets.xcassets */,
			);
			path = "Preview Content";
			sourceTree = "<group>";
		};
		68D9142629E04E4D000558B3 /* Models */ = {
			isa = PBXGroup;
			children = (
				68D9142729E04E6D000558B3 /* President.swift */,
			);
			path = Models;
			sourceTree = "<group>";
		};
		68D9142B29E050E4000558B3 /* View Models */ = {
			isa = PBXGroup;
			children = (
				684688D129D9ECAD0093D30E /* PresidentsListViewModel.swift */,
				68D9142C29E0516A000558B3 /* PresidentViewModel.swift */,
			);
			path = "View Models";
			sourceTree = "<group>";
		};
		68D9142E29E05961000558B3 /* views */ = {
			isa = PBXGroup;
			children = (
				684688BF29D9E9270093D30E /* ContentView.swift */,
				68D9143129E059FB000558B3 /* PresidentDetailView.swift */,
				68D9143329E06506000558B3 /* PresidentCell.swift */,
			);
			path = views;
			sourceTree = "<group>";
		};
/* End PBXGroup section */

/* Begin PBXNativeTarget section */
		684688B929D9E9270093D30E /* PresidentsUSA */ = {
			isa = PBXNativeTarget;
			buildConfigurationList = 684688C829D9E92A0093D30E /* Build configuration list for PBXNativeTarget "PresidentsUSA" */;
			buildPhases = (
				684688B629D9E9270093D30E /* Sources */,
				684688B729D9E9270093D30E /* Frameworks */,
				684688B829D9E9270093D30E /* Resources */,
			);
			buildRules = (
			);
			dependencies = (
			);
			name = PresidentsUSA;
			productName = PresidentsUSA;
			productReference = 684688BA29D9E9270093D30E /* PresidentsUSA.app */;
			productType = "com.apple.product-type.application";
		};
/* End PBXNativeTarget section */

/* Begin PBXProject section */
		684688B229D9E9270093D30E /* Project object */ = {
			isa = PBXProject;
			attributes = {
				BuildIndependentTargetsInParallel = 1;
				LastSwiftUpdateCheck = 1420;
				LastUpgradeCheck = 1420;
				TargetAttributes = {
					684688B929D9E9270093D30E = {
						CreatedOnToolsVersion = 14.2;
					};
				};
			};
			buildConfigurationList = 684688B529D9E9270093D30E /* Build configuration list for PBXProject "PresidentsUSA" */;
			compatibilityVersion = "Xcode 14.0";
			developmentRegion = en;
			hasScannedForEncodings = 0;
			knownRegions = (
				en,
				Base,
			);
			mainGroup = 684688B129D9E9270093D30E;
			productRefGroup = 684688BB29D9E9270093D30E /* Products */;
			projectDirPath = "";
			projectRoot = "";
			targets = (
				684688B929D9E9270093D30E /* PresidentsUSA */,
			);
		};
/* End PBXProject section */

/* Begin PBXResourcesBuildPhase section */
		684688B829D9E9270093D30E /* Resources */ = {
			isa = PBXResourcesBuildPhase;
			buildActionMask = 2147483647;
			files = (
				68D9142A29E04E96000558B3 /* presidents.plist in Resources */,
				684688C529D9E92A0093D30E /* Preview Assets.xcassets in Resources */,
				684688D029D9E9680093D30E /* seal.png in Resources */,
				684688C229D9E92A0093D30E /* Assets.xcassets in Resources */,
				684688CE29D9E9680093D30E /* flag-1024.png in Resources */,
			);
			runOnlyForDeploymentPostprocessing = 0;
		};
/* End PBXResourcesBuildPhase section */

/* Begin PBXSourcesBuildPhase section */
		684688B629D9E9270093D30E /* Sources */ = {
			isa = PBXSourcesBuildPhase;
			buildActionMask = 2147483647;
			files = (
				68D9143229E059FB000558B3 /* PresidentDetailView.swift in Sources */,
				68D9142829E04E6D000558B3 /* President.swift in Sources */,
				684688C029D9E9270093D30E /* ContentView.swift in Sources */,
				68D9142D29E0516A000558B3 /* PresidentViewModel.swift in Sources */,
				68D9143429E06506000558B3 /* PresidentCell.swift in Sources */,
				684688D229D9ECAD0093D30E /* PresidentsListViewModel.swift in Sources */,
				684688BE29D9E9270093D30E /* PresidentsUSAApp.swift in Sources */,
			);
			runOnlyForDeploymentPostprocessing = 0;
		};
/* End PBXSourcesBuildPhase section */

/* Begin XCBuildConfiguration section */
		684688C629D9E92A0093D30E /* Debug */ = {
			isa = XCBuildConfiguration;
			buildSettings = {
				ALWAYS_SEARCH_USER_PATHS = NO;
				CLANG_ANALYZER_NONNULL = YES;
				CLANG_ANALYZER_NUMBER_OBJECT_CONVERSION = YES_AGGRESSIVE;
				CLANG_CXX_LANGUAGE_STANDARD = "gnu++20";
				CLANG_ENABLE_MODULES = YES;
				CLANG_ENABLE_OBJC_ARC = YES;
				CLANG_ENABLE_OBJC_WEAK = YES;
				CLANG_WARN_BLOCK_CAPTURE_AUTORELEASING = YES;
				CLANG_WARN_BOOL_CONVERSION = YES;
				CLANG_WARN_COMMA = YES;
				CLANG_WARN_CONSTANT_CONVERSION = YES;
				CLANG_WARN_DEPRECATED_OBJC_IMPLEMENTATIONS = YES;
				CLANG_WARN_DIRECT_OBJC_ISA_USAGE = YES_ERROR;
				CLANG_WARN_DOCUMENTATION_COMMENTS = YES;
				CLANG_WARN_EMPTY_BODY = YES;
				CLANG_WARN_ENUM_CONVERSION = YES;
				CLANG_WARN_INFINITE_RECURSION = YES;
				CLANG_WARN_INT_CONVERSION = YES;
				CLANG_WARN_NON_LITERAL_NULL_CONVERSION = YES;
				CLANG_WARN_OBJC_IMPLICIT_RETAIN_SELF = YES;
				CLANG_WARN_OBJC_LITERAL_CONVERSION = YES;
				CLANG_WARN_OBJC_ROOT_CLASS = YES_ERROR;
				CLANG_WARN_QUOTED_INCLUDE_IN_FRAMEWORK_HEADER = YES;
				CLANG_WARN_RANGE_LOOP_ANALYSIS = YES;
				CLANG_WARN_STRICT_PROTOTYPES = YES;
				CLANG_WARN_SUSPICIOUS_MOVE = YES;
				CLANG_WARN_UNGUARDED_AVAILABILITY = YES_AGGRESSIVE;
				CLANG_WARN_UNREACHABLE_CODE = YES;
				CLANG_WARN__DUPLICATE_METHOD_MATCH = YES;
				COPY_PHASE_STRIP = NO;
				DEBUG_INFORMATION_FORMAT = dwarf;
				ENABLE_STRICT_OBJC_MSGSEND = YES;
				ENABLE_TESTABILITY = YES;
				GCC_C_LANGUAGE_STANDARD = gnu11;
				GCC_DYNAMIC_NO_PIC = NO;
				GCC_NO_COMMON_BLOCKS = YES;
				GCC_OPTIMIZATION_LEVEL = 0;
				GCC_PREPROCESSOR_DEFINITIONS = (
					"DEBUG=1",
					"$(inherited)",
				);
				GCC_WARN_64_TO_32_BIT_CONVERSION = YES;
				GCC_WARN_ABOUT_RETURN_TYPE = YES_ERROR;
				GCC_WARN_UNDECLARED_SELECTOR = YES;
				GCC_WARN_UNINITIALIZED_AUTOS = YES_AGGRESSIVE;
				GCC_WARN_UNUSED_FUNCTION = YES;
				GCC_WARN_UNUSED_VARIABLE = YES;
				IPHONEOS_DEPLOYMENT_TARGET = 16.2;
				MTL_ENABLE_DEBUG_INFO = INCLUDE_SOURCE;
				MTL_FAST_MATH = YES;
				ONLY_ACTIVE_ARCH = YES;
				SDKROOT = iphoneos;
				SWIFT_ACTIVE_COMPILATION_CONDITIONS = DEBUG;
				SWIFT_OPTIMIZATION_LEVEL = "-Onone";
			};
			name = Debug;
		};
		684688C729D9E92A0093D30E /* Release */ = {
			isa = XCBuildConfiguration;
			buildSettings = {
				ALWAYS_SEARCH_USER_PATHS = NO;
				CLANG_ANALYZER_NONNULL = YES;
				CLANG_ANALYZER_NUMBER_OBJECT_CONVERSION = YES_AGGRESSIVE;
				CLANG_CXX_LANGUAGE_STANDARD = "gnu++20";
				CLANG_ENABLE_MODULES = YES;
				CLANG_ENABLE_OBJC_ARC = YES;
				CLANG_ENABLE_OBJC_WEAK = YES;
				CLANG_WARN_BLOCK_CAPTURE_AUTORELEASING = YES;
				CLANG_WARN_BOOL_CONVERSION = YES;
				CLANG_WARN_COMMA = YES;
				CLANG_WARN_CONSTANT_CONVERSION = YES;
				CLANG_WARN_DEPRECATED_OBJC_IMPLEMENTATIONS = YES;
				CLANG_WARN_DIRECT_OBJC_ISA_USAGE = YES_ERROR;
				CLANG_WARN_DOCUMENTATION_COMMENTS = YES;
				CLANG_WARN_EMPTY_BODY = YES;
				CLANG_WARN_ENUM_CONVERSION = YES;
				CLANG_WARN_INFINITE_RECURSION = YES;
				CLANG_WARN_INT_CONVERSION = YES;
				CLANG_WARN_NON_LITERAL_NULL_CONVERSION = YES;
				CLANG_WARN_OBJC_IMPLICIT_RETAIN_SELF = YES;
				CLANG_WARN_OBJC_LITERAL_CONVERSION = YES;
				CLANG_WARN_OBJC_ROOT_CLASS = YES_ERROR;
				CLANG_WARN_QUOTED_INCLUDE_IN_FRAMEWORK_HEADER = YES;
				CLANG_WARN_RANGE_LOOP_ANALYSIS = YES;
				CLANG_WARN_STRICT_PROTOTYPES = YES;
				CLANG_WARN_SUSPICIOUS_MOVE = YES;
				CLANG_WARN_UNGUARDED_AVAILABILITY = YES_AGGRESSIVE;
				CLANG_WARN_UNREACHABLE_CODE = YES;
				CLANG_WARN__DUPLICATE_METHOD_MATCH = YES;
				COPY_PHASE_STRIP = NO;
				DEBUG_INFORMATION_FORMAT = "dwarf-with-dsym";
				ENABLE_NS_ASSERTIONS = NO;
				ENABLE_STRICT_OBJC_MSGSEND = YES;
				GCC_C_LANGUAGE_STANDARD = gnu11;
				GCC_NO_COMMON_BLOCKS = YES;
				GCC_WARN_64_TO_32_BIT_CONVERSION = YES;
				GCC_WARN_ABOUT_RETURN_TYPE = YES_ERROR;
				GCC_WARN_UNDECLARED_SELECTOR = YES;
				GCC_WARN_UNINITIALIZED_AUTOS = YES_AGGRESSIVE;
				GCC_WARN_UNUSED_FUNCTION = YES;
				GCC_WARN_UNUSED_VARIABLE = YES;
				IPHONEOS_DEPLOYMENT_TARGET = 16.2;
				MTL_ENABLE_DEBUG_INFO = NO;
				MTL_FAST_MATH = YES;
				SDKROOT = iphoneos;
				SWIFT_COMPILATION_MODE = wholemodule;
				SWIFT_OPTIMIZATION_LEVEL = "-O";
				VALIDATE_PRODUCT = YES;
			};
			name = Release;
		};
		684688C929D9E92A0093D30E /* Debug */ = {
			isa = XCBuildConfiguration;
			buildSettings = {
				ASSETCATALOG_COMPILER_APPICON_NAME = AppIcon;
				ASSETCATALOG_COMPILER_GLOBAL_ACCENT_COLOR_NAME = AccentColor;
				CODE_SIGN_STYLE = Automatic;
				CURRENT_PROJECT_VERSION = 1;
				DEVELOPMENT_ASSET_PATHS = "\"PresidentsUSA/Preview Content\"";
				DEVELOPMENT_TEAM = 38MRLTW439;
				ENABLE_PREVIEWS = YES;
				GENERATE_INFOPLIST_FILE = YES;
				INFOPLIST_KEY_UIApplicationSceneManifest_Generation = YES;
				INFOPLIST_KEY_UIApplicationSupportsIndirectInputEvents = YES;
				INFOPLIST_KEY_UILaunchScreen_Generation = YES;
				INFOPLIST_KEY_UISupportedInterfaceOrientations_iPad = "UIInterfaceOrientationPortrait UIInterfaceOrientationPortraitUpsideDown UIInterfaceOrientationLandscapeLeft UIInterfaceOrientationLandscapeRight";
				INFOPLIST_KEY_UISupportedInterfaceOrientations_iPhone = "UIInterfaceOrientationPortrait UIInterfaceOrientationLandscapeLeft UIInterfaceOrientationLandscapeRight";
				LD_RUNPATH_SEARCH_PATHS = (
					"$(inherited)",
					"@executable_path/Frameworks",
				);
				MARKETING_VERSION = 1.0;
				PRODUCT_BUNDLE_IDENTIFIER = Bhanu.PresidentsUSA;
				PRODUCT_NAME = "$(TARGET_NAME)";
				SWIFT_EMIT_LOC_STRINGS = YES;
				SWIFT_VERSION = 5.0;
				TARGETED_DEVICE_FAMILY = "1,2";
			};
			name = Debug;
		};
		684688CA29D9E92A0093D30E /* Release */ = {
			isa = XCBuildConfiguration;
			buildSettings = {
				ASSETCATALOG_COMPILER_APPICON_NAME = AppIcon;
				ASSETCATALOG_COMPILER_GLOBAL_ACCENT_COLOR_NAME = AccentColor;
				CODE_SIGN_STYLE = Automatic;
				CURRENT_PROJECT_VERSION = 1;
				DEVELOPMENT_ASSET_PATHS = "\"PresidentsUSA/Preview Content\"";
				DEVELOPMENT_TEAM = 38MRLTW439;
				ENABLE_PREVIEWS = YES;
				GENERATE_INFOPLIST_FILE = YES;
				INFOPLIST_KEY_UIApplicationSceneManifest_Generation = YES;
				INFOPLIST_KEY_UIApplicationSupportsIndirectInputEvents = YES;
				INFOPLIST_KEY_UILaunchScreen_Generation = YES;
				INFOPLIST_KEY_UISupportedInterfaceOrientations_iPad = "UIInterfaceOrientationPortrait UIInterfaceOrientationPortraitUpsideDown UIInterfaceOrientationLandscapeLeft UIInterfaceOrientationLandscapeRight";
				INFOPLIST_KEY_UISupportedInterfaceOrientations_iPhone = "UIInterfaceOrientationPortrait UIInterfaceOrientationLandscapeLeft UIInterfaceOrientationLandscapeRight";
				LD_RUNPATH_SEARCH_PATHS = (
					"$(inherited)",
					"@executable_path/Frameworks",
				);
				MARKETING_VERSION = 1.0;
				PRODUCT_BUNDLE_IDENTIFIER = Bhanu.PresidentsUSA;
				PRODUCT_NAME = "$(TARGET_NAME)";
				SWIFT_EMIT_LOC_STRINGS = YES;
				SWIFT_VERSION = 5.0;
				TARGETED_DEVICE_FAMILY = "1,2";
			};
			name = Release;
		};
/* End XCBuildConfiguration section */

/* Begin XCConfigurationList section */
		684688B529D9E9270093D30E /* Build configuration list for PBXProject "PresidentsUSA" */ = {
			isa = XCConfigurationList;
			buildConfigurations = (
				684688C629D9E92A0093D30E /* Debug */,
				684688C729D9E92A0093D30E /* Release */,
			);
			defaultConfigurationIsVisible = 0;
			defaultConfigurationName = Release;
		};
		684688C829D9E92A0093D30E /* Build configuration list for PBXNativeTarget "PresidentsUSA" */ = {
			isa = XCConfigurationList;
			buildConfigurations = (
				684688C929D9E92A0093D30E /* Debug */,
				684688CA29D9E92A0093D30E /* Release */,
			);
			defaultConfigurationIsVisible = 0;
			defaultConfigurationName = Release;
		};
/* End XCConfigurationList section */
	};
	rootObject = 684688B229D9E9270093D30E /* Project object */;
}
